<?xml version="1.0" encoding="utf-8"?>
<Project ToolsVersion="4.0" xmlns="http://schemas.microsoft.com/developer/msbuild/2003">
  <ItemGroup>
    <Filter Include="components">
      <UniqueIdentifier>{b317f499-35f8-42b6-b799-640e42af39bc}</UniqueIdentifier>
    </Filter>
    <Filter Include="core">
      <UniqueIdentifier>{647192d3-53be-4a99-9078-f520aafe37ed}</UniqueIdentifier>
    </Filter>
    <Filter Include="ecs">
      <UniqueIdentifier>{f3e48be1-54ab-43ff-b593-676df3fa85f2}</UniqueIdentifier>
    </Filter>
    <Filter Include="input">
      <UniqueIdentifier>{8024f9fb-c54b-40c9-a1b8-75c9c11eb690}</UniqueIdentifier>
    </Filter>
    <Filter Include="jahbal">
      <UniqueIdentifier>{57b3aa03-5b7b-48d7-9022-e8aab2627703}</UniqueIdentifier>
    </Filter>
    <Filter Include="logging">
      <UniqueIdentifier>{aad14d64-3e44-46bb-886c-c8292d09885e}</UniqueIdentifier>
    </Filter>
    <Filter Include="script">
      <UniqueIdentifier>{5778f13b-f03d-46c6-be38-c25b1806e2bb}</UniqueIdentifier>
    </Filter>
    <Filter Include="systems">
      <UniqueIdentifier>{156bc27b-31ed-4fd4-aa38-497c49a69b43}</UniqueIdentifier>
    </Filter>
  </ItemGroup>
  <ItemGroup>
    <ClCompile Include="engine\core\Engine.cpp" />
    <ClCompile Include="main.cpp" />
    <ClCompile Include="engine\core\ecs\ConstructorFunctions.cpp" />
    <ClCompile Include="engine\core\ecs\ecs.cpp" />
    <ClCompile Include="engine\core\ecs\EntityConstructor.cpp" />
    <ClCompile Include="engine\core\input\InputManager.cpp" />
    <ClCompile Include="engine\core\components\Script.cpp" />
    <ClCompile Include="engine\core\systems\CameraSystem.cpp" />
    <ClCompile Include="engine\core\systems\RenderSystem.cpp" />
    <ClCompile Include="engine\core\systems\ScriptSystem.cpp" />
    <ClCompile Include="engine\core\systems\TransformSystem.cpp" />
    <ClCompile Include="engine\core\Scene.cpp" />
    <ClCompile Include="engine\core\logging\LogManager.cpp" />
    <ClCompile Include="jahbal\util\dxerr.cpp" />
    <ClCompile Include="jahbal\fx\JGeneric.cpp" />
    <ClCompile Include="jahbal\renderers\JRenderer.cpp" />
    <ClCompile Include="jahbal\Shader.cpp" />
    <ClCompile Include="jahbal\fx\JQuadTess.cpp" />
    <ClCompile Include="jahbal\fx\JTerrain.cpp" />
    <ClCompile Include="jahbal\fx\JBillboard.cpp" />
    <ClCompile Include="jahbal\Mesh.cpp" />
    <ClCompile Include="jahbal\SubMesh.cpp" />
    <ClCompile Include="jahbal\common\Camera.cpp" />
    <ClCompile Include="jahbal\visuals\TerrainVisual.cpp" />
    <ClCompile Include="jahbal\ShaderManager.cpp" />
    <ClCompile Include="jahbal\creators\MeshCreator.cpp" />
    <ClCompile Include="jahbal\creators\BufferCreator.cpp" />
  </ItemGroup>
  <ItemGroup>
    <ClInclude Include="engine\core\Engine.h" />
    <ClInclude Include="engine\core\ecs\ConstructorFunctions.h" />
    <ClInclude Include="engine\core\ecs\ecs.h" />
    <ClInclude Include="engine\core\ecs\EntityConstructor.h" />
    <ClInclude Include="engine\core\input\InputListener.h" />
    <ClInclude Include="engine\core\input\InputManager.h" />
    <ClInclude Include="engine\core\input\InputMessage.h" />
    <ClInclude Include="engine\core\util.h" />
    <ClInclude Include="engine\core\components\CameraComponent.h" />
    <ClInclude Include="engine\core\components\RenderableComponent.h" />
    <ClInclude Include="engine\core\components\ScriptComponent.h" />
    <ClInclude Include="engine\core\components\VisualComponent.h" />
    <ClInclude Include="engine\core\systems\CameraSystem.h" />
    <ClInclude Include="engine\core\systems\RenderSystem.h" />
    <ClInclude Include="engine\core\systems\ScriptSystem.h" />
    <ClInclude Include="engine\core\systems\TransformSystem.h" />
    <ClInclude Include="engine\core\components\TransformComponent.h" />
    <ClInclude Include="engine\core\Scene.h" />
    <ClInclude Include="engine\core\logging\LogManager.h" />
    <ClInclude Include="engine\core\logging\LogMessage.h" />
    <ClInclude Include="jahbal\util\d3dx11effect.h" />
    <ClInclude Include="jahbal\util\dxerr.h" />
    <ClInclude Include="jahbal\fx\JGeneric.h" />
    <ClInclude Include="jahbal\renderers\JRenderer.h" />
    <ClInclude Include="jahbal\Shader.h" />
    <ClInclude Include="jahbal\fx\JQuadTess.h" />
    <ClInclude Include="jahbal\fx\JTerrain.h" />
    <ClInclude Include="jahbal\fx\JBillboard.h" />
    <ClInclude Include="jahbal\common\Light.h" />
    <ClInclude Include="jahbal\common\Material.h" />
    <ClInclude Include="jahbal\Mesh.h" />
    <ClInclude Include="jahbal\SubMesh.h" />
    <ClInclude Include="jahbal\common\Camera.h" />
    <ClInclude Include="jahbal\ShaderManager.h" />
    <ClInclude Include="jahbal\creators\MeshCreator.h" />
    <ClInclude Include="jahbal\creators\BufferCreator.h" />
    <ClInclude Include="jahbal\util\dxmacros.h" />
    <ClInclude Include="jahbal\components\BillboardVisual.h" />
    <ClInclude Include="jahbal\components\MeshVisual.h" />
    <ClInclude Include="jahbal\components\BillboardComponent.h" />
    <ClInclude Include="jahbal\components\MeshComponent.h" />
    <ClInclude Include="jahbal\components\TerrainComponent.h" />
    <ClInclude Include="jahbal\components\LightComponent.h" />
  </ItemGroup>
  <ItemGroup>
    <None Include="Habanero.VC.db" />
  </ItemGroup>
  <ItemGroup>
    <FxCompile Include="jahbal\shaders\Billboard.fx" />
    <FxCompile Include="jahbal\shaders\Defs.fx" />
    <FxCompile Include="jahbal\shaders\Generic.fx" />
    <FxCompile Include="jahbal\shaders\LightFuncs.fx" />
    <FxCompile Include="jahbal\shaders\QuadTess.fx" />
    <FxCompile Include="jahbal\shaders\Terrain.fx" />
  </ItemGroup>
</Project>